
Microsoft Visual Studio Solution File, Format Version 12.00
# Visual Studio Version 17
VisualStudioVersion = 17.10.35027.167
MinimumVisualStudioVersion = 10.0.40219.1
Project("{FAE04EC0-301F-11D3-BF4B-00C04F79EFBC}") = "LaboratorioVA25", "LaboratorioVA25\LaboratorioVA25.csproj", "{A49D0740-2197-4F04-BCAE-84208BC3D1AB}"
EndProject
Global
	GlobalSection(SolutionConfigurationPlatforms) = preSolution
		Debug|Any CPU = Debug|Any CPU
		Release|Any CPU = Release|Any CPU
	EndGlobalSection
	GlobalSection(ProjectConfigurationPlatforms) = postSolution
		{A49D0740-2197-4F04-BCAE-84208BC3D1AB}.Debug|Any CPU.ActiveCfg = Debug|Any CPU
		{A49D0740-2197-4F04-BCAE-84208BC3D1AB}.Debug|Any CPU.Build.0 = Debug|Any CPU
		{A49D0740-2197-4F04-BCAE-84208BC3D1AB}.Release|Any CPU.ActiveCfg = Release|Any CPU
		{A49D0740-2197-4F04-BCAE-84208BC3D1AB}.Release|Any CPU.Build.0 = Release|Any CPU
	EndGlobalSection
	GlobalSection(SolutionProperties) = preSolution
		HideSolutionNode = FALSE
	EndGlobalSection
	GlobalSection(ExtensibilityGlobals) = postSolution
		SolutionGuid = {942DA29E-96DF-4BF1-91CD-ED878B2D7205}
	EndGlobalSection
EndGlobal
